
Microsoft Visual Studio Solution File, Format Version 12.00
# Visual Studio Version 16
VisualStudioVersion = 16.0.30011.22
MinimumVisualStudioVersion = 10.0.40219.1
Project("{FAE04EC0-301F-11D3-BF4B-00C04F79EFBC}") = "Glossary.API", "Glossary.API\Glossary.API.csproj", "{77CEE917-6D2C-40F0-9695-6F1593F42B1B}"
EndProject
Project("{FAE04EC0-301F-11D3-BF4B-00C04F79EFBC}") = "Glossary.DataTransferObjects", "Glossary.DataTransferObjects\Glossary.DataTransferObjects.csproj", "{B57A4D2C-FF61-4524-93C7-41EC2812B0E2}"
EndProject
Global
	GlobalSection(SolutionConfigurationPlatforms) = preSolution
		Debug|Any CPU = Debug|Any CPU
		Release|Any CPU = Release|Any CPU
	EndGlobalSection
	GlobalSection(ProjectConfigurationPlatforms) = postSolution
		{77CEE917-6D2C-40F0-9695-6F1593F42B1B}.Debug|Any CPU.ActiveCfg = Debug|Any CPU
		{77CEE917-6D2C-40F0-9695-6F1593F42B1B}.Debug|Any CPU.Build.0 = Debug|Any CPU
		{77CEE917-6D2C-40F0-9695-6F1593F42B1B}.Release|Any CPU.ActiveCfg = Release|Any CPU
		{77CEE917-6D2C-40F0-9695-6F1593F42B1B}.Release|Any CPU.Build.0 = Release|Any CPU
		{B57A4D2C-FF61-4524-93C7-41EC2812B0E2}.Debug|Any CPU.ActiveCfg = Debug|Any CPU
		{B57A4D2C-FF61-4524-93C7-41EC2812B0E2}.Debug|Any CPU.Build.0 = Debug|Any CPU
		{B57A4D2C-FF61-4524-93C7-41EC2812B0E2}.Release|Any CPU.ActiveCfg = Release|Any CPU
		{B57A4D2C-FF61-4524-93C7-41EC2812B0E2}.Release|Any CPU.Build.0 = Release|Any CPU
	EndGlobalSection
	GlobalSection(SolutionProperties) = preSolution
		HideSolutionNode = FALSE
	EndGlobalSection
	GlobalSection(ExtensibilityGlobals) = postSolution
		SolutionGuid = {517783B5-C584-48DA-936C-C6AD9FB121A3}
	EndGlobalSection
EndGlobal
